
Microsoft Visual Studio Solution File, Format Version 12.00
# Visual Studio Version 17
VisualStudioVersion = 17.3.32825.248
MinimumVisualStudioVersion = 10.0.40219.1
Project("{FAE04EC0-301F-11D3-BF4B-00C04F79EFBC}") = "DEVPROG_DEMO_02.Android", "DEVPROG_DEMO_02.Android\DEVPROG_DEMO_02.Android.csproj", "{1DB2CB6E-F64E-4ACA-BAED-0CF4CD96461F}"
EndProject
Project("{FAE04EC0-301F-11D3-BF4B-00C04F79EFBC}") = "DEVPROG_DEMO_02.iOS", "DEVPROG_DEMO_02.iOS\DEVPROG_DEMO_02.iOS.csproj", "{F64A3F95-E229-4685-85D6-32888DFE8326}"
EndProject
Project("{9A19103F-16F7-4668-BE54-9A1E7A4F7556}") = "DEVPROG_DEMO_02", "DEVPROG_DEMO_02\DEVPROG_DEMO_02.csproj", "{1FB5EA34-B48A-4AE9-96C1-305C9CDCFCE1}"
EndProject
Global
	GlobalSection(SolutionConfigurationPlatforms) = preSolution
		Debug|Any CPU = Debug|Any CPU
		Debug|ARM = Debug|ARM
		Debug|iPhone = Debug|iPhone
		Debug|iPhoneSimulator = Debug|iPhoneSimulator
		Debug|x64 = Debug|x64
		Debug|x86 = Debug|x86
		Release|Any CPU = Release|Any CPU
		Release|ARM = Release|ARM
		Release|iPhone = Release|iPhone
		Release|iPhoneSimulator = Release|iPhoneSimulator
		Release|x64 = Release|x64
		Release|x86 = Release|x86
	EndGlobalSection
	GlobalSection(ProjectConfigurationPlatforms) = postSolution
		{1DB2CB6E-F64E-4ACA-BAED-0CF4CD96461F}.Debug|Any CPU.ActiveCfg = Debug|Any CPU
		{1DB2CB6E-F64E-4ACA-BAED-0CF4CD96461F}.Debug|Any CPU.Build.0 = Debug|Any CPU
		{1DB2CB6E-F64E-4ACA-BAED-0CF4CD96461F}.Debug|Any CPU.Deploy.0 = Debug|Any CPU
		{1DB2CB6E-F64E-4ACA-BAED-0CF4CD96461F}.Debug|ARM.ActiveCfg = Debug|Any CPU
		{1DB2CB6E-F64E-4ACA-BAED-0CF4CD96461F}.Debug|ARM.Build.0 = Debug|Any CPU
		{1DB2CB6E-F64E-4ACA-BAED-0CF4CD96461F}.Debug|ARM.Deploy.0 = Debug|Any CPU
		{1DB2CB6E-F64E-4ACA-BAED-0CF4CD96461F}.Debug|iPhone.ActiveCfg = Debug|Any CPU
		{1DB2CB6E-F64E-4ACA-BAED-0CF4CD96461F}.Debug|iPhone.Build.0 = Debug|Any CPU
		{1DB2CB6E-F64E-4ACA-BAED-0CF4CD96461F}.Debug|iPhone.Deploy.0 = Debug|Any CPU
		{1DB2CB6E-F64E-4ACA-BAED-0CF4CD96461F}.Debug|iPhoneSimulator.ActiveCfg = Debug|Any CPU
		{1DB2CB6E-F64E-4ACA-BAED-0CF4CD96461F}.Debug|iPhoneSimulator.Build.0 = Debug|Any CPU
		{1DB2CB6E-F64E-4ACA-BAED-0CF4CD96461F}.Debug|iPhoneSimulator.Deploy.0 = Debug|Any CPU
		{1DB2CB6E-F64E-4ACA-BAED-0CF4CD96461F}.Debug|x64.ActiveCfg = Debug|Any CPU
		{1DB2CB6E-F64E-4ACA-BAED-0CF4CD96461F}.Debug|x64.Build.0 = Debug|Any CPU
		{1DB2CB6E-F64E-4ACA-BAED-0CF4CD96461F}.Debug|x64.Deploy.0 = Debug|Any CPU
		{1DB2CB6E-F64E-4ACA-BAED-0CF4CD96461F}.Debug|x86.ActiveCfg = Debug|Any CPU
		{1DB2CB6E-F64E-4ACA-BAED-0CF4CD96461F}.Debug|x86.Build.0 = Debug|Any CPU
		{1DB2CB6E-F64E-4ACA-BAED-0CF4CD96461F}.Debug|x86.Deploy.0 = Debug|Any CPU
		{1DB2CB6E-F64E-4ACA-BAED-0CF4CD96461F}.Release|Any CPU.ActiveCfg = Release|Any CPU
		{1DB2CB6E-F64E-4ACA-BAED-0CF4CD96461F}.Release|Any CPU.Build.0 = Release|Any CPU
		{1DB2CB6E-F64E-4ACA-BAED-0CF4CD96461F}.Release|Any CPU.Deploy.0 = Release|Any CPU
		{1DB2CB6E-F64E-4ACA-BAED-0CF4CD96461F}.Release|ARM.ActiveCfg = Release|Any CPU
		{1DB2CB6E-F64E-4ACA-BAED-0CF4CD96461F}.Release|ARM.Build.0 = Release|Any CPU
		{1DB2CB6E-F64E-4ACA-BAED-0CF4CD96461F}.Release|ARM.Deploy.0 = Release|Any CPU
		{1DB2CB6E-F64E-4ACA-BAED-0CF4CD96461F}.Release|iPhone.ActiveCfg = Release|Any CPU
		{1DB2CB6E-F64E-4ACA-BAED-0CF4CD96461F}.Release|iPhone.Build.0 = Release|Any CPU
		{1DB2CB6E-F64E-4ACA-BAED-0CF4CD96461F}.Release|iPhone.Deploy.0 = Release|Any CPU
		{1DB2CB6E-F64E-4ACA-BAED-0CF4CD96461F}.Release|iPhoneSimulator.ActiveCfg = Release|Any CPU
		{1DB2CB6E-F64E-4ACA-BAED-0CF4CD96461F}.Release|iPhoneSimulator.Build.0 = Release|Any CPU
		{1DB2CB6E-F64E-4ACA-BAED-0CF4CD96461F}.Release|iPhoneSimulator.Deploy.0 = Release|Any CPU
		{1DB2CB6E-F64E-4ACA-BAED-0CF4CD96461F}.Release|x64.ActiveCfg = Release|Any CPU
		{1DB2CB6E-F64E-4ACA-BAED-0CF4CD96461F}.Release|x64.Build.0 = Release|Any CPU
		{1DB2CB6E-F64E-4ACA-BAED-0CF4CD96461F}.Release|x64.Deploy.0 = Release|Any CPU
		{1DB2CB6E-F64E-4ACA-BAED-0CF4CD96461F}.Release|x86.ActiveCfg = Release|Any CPU
		{1DB2CB6E-F64E-4ACA-BAED-0CF4CD96461F}.Release|x86.Build.0 = Release|Any CPU
		{1DB2CB6E-F64E-4ACA-BAED-0CF4CD96461F}.Release|x86.Deploy.0 = Release|Any CPU
		{F64A3F95-E229-4685-85D6-32888DFE8326}.Debug|Any CPU.ActiveCfg = Debug|iPhoneSimulator
		{F64A3F95-E229-4685-85D6-32888DFE8326}.Debug|Any CPU.Build.0 = Debug|iPhoneSimulator
		{F64A3F95-E229-4685-85D6-32888DFE8326}.Debug|Any CPU.Deploy.0 = Debug|iPhoneSimulator
		{F64A3F95-E229-4685-85D6-32888DFE8326}.Debug|ARM.ActiveCfg = Debug|iPhone
		{F64A3F95-E229-4685-85D6-32888DFE8326}.Debug|ARM.Build.0 = Debug|iPhone
		{F64A3F95-E229-4685-85D6-32888DFE8326}.Debug|ARM.Deploy.0 = Debug|iPhone
		{F64A3F95-E229-4685-85D6-32888DFE8326}.Debug|iPhone.ActiveCfg = Debug|iPhone
		{F64A3F95-E229-4685-85D6-32888DFE8326}.Debug|iPhone.Build.0 = Debug|iPhone
		{F64A3F95-E229-4685-85D6-32888DFE8326}.Debug|iPhone.Deploy.0 = Debug|iPhone
		{F64A3F95-E229-4685-85D6-32888DFE8326}.Debug|iPhoneSimulator.ActiveCfg = Debug|iPhoneSimulator
		{F64A3F95-E229-4685-85D6-32888DFE8326}.Debug|iPhoneSimulator.Build.0 = Debug|iPhoneSimulator
		{F64A3F95-E229-4685-85D6-32888DFE8326}.Debug|iPhoneSimulator.Deploy.0 = Debug|iPhoneSimulator
		{F64A3F95-E229-4685-85D6-32888DFE8326}.Debug|x64.ActiveCfg = Debug|iPhoneSimulator
		{F64A3F95-E229-4685-85D6-32888DFE8326}.Debug|x64.Build.0 = Debug|iPhoneSimulator
		{F64A3F95-E229-4685-85D6-32888DFE8326}.Debug|x64.Deploy.0 = Debug|iPhoneSimulator
		{F64A3F95-E229-4685-85D6-32888DFE8326}.Debug|x86.ActiveCfg = Debug|iPhoneSimulator
		{F64A3F95-E229-4685-85D6-32888DFE8326}.Debug|x86.Build.0 = Debug|iPhoneSimulator
		{F64A3F95-E229-4685-85D6-32888DFE8326}.Debug|x86.Deploy.0 = Debug|iPhoneSimulator
		{F64A3F95-E229-4685-85D6-32888DFE8326}.Release|Any CPU.ActiveCfg = Release|iPhoneSimulator
		{F64A3F95-E229-4685-85D6-32888DFE8326}.Release|Any CPU.Build.0 = Release|iPhoneSimulator
		{F64A3F95-E229-4685-85D6-32888DFE8326}.Release|Any CPU.Deploy.0 = Release|iPhoneSimulator
		{F64A3F95-E229-4685-85D6-32888DFE8326}.Release|ARM.ActiveCfg = Release|iPhoneSimulator
		{F64A3F95-E229-4685-85D6-32888DFE8326}.Release|ARM.Build.0 = Release|iPhoneSimulator
		{F64A3F95-E229-4685-85D6-32888DFE8326}.Release|ARM.Deploy.0 = Release|iPhoneSimulator
		{F64A3F95-E229-4685-85D6-32888DFE8326}.Release|iPhone.ActiveCfg = Release|iPhone
		{F64A3F95-E229-4685-85D6-32888DFE8326}.Release|iPhone.Build.0 = Release|iPhone
		{F64A3F95-E229-4685-85D6-32888DFE8326}.Release|iPhone.Deploy.0 = Release|iPhone
		{F64A3F95-E229-4685-85D6-32888DFE8326}.Release|iPhoneSimulator.ActiveCfg = Release|iPhoneSimulator
		{F64A3F95-E229-4685-85D6-32888DFE8326}.Release|iPhoneSimulator.Build.0 = Release|iPhoneSimulator
		{F64A3F95-E229-4685-85D6-32888DFE8326}.Release|iPhoneSimulator.Deploy.0 = Release|iPhoneSimulator
		{F64A3F95-E229-4685-85D6-32888DFE8326}.Release|x64.ActiveCfg = Release|iPhoneSimulator
		{F64A3F95-E229-4685-85D6-32888DFE8326}.Release|x64.Build.0 = Release|iPhoneSimulator
		{F64A3F95-E229-4685-85D6-32888DFE8326}.Release|x64.Deploy.0 = Release|iPhoneSimulator
		{F64A3F95-E229-4685-85D6-32888DFE8326}.Release|x86.ActiveCfg = Release|iPhoneSimulator
		{F64A3F95-E229-4685-85D6-32888DFE8326}.Release|x86.Build.0 = Release|iPhoneSimulator
		{F64A3F95-E229-4685-85D6-32888DFE8326}.Release|x86.Deploy.0 = Release|iPhoneSimulator
		{1FB5EA34-B48A-4AE9-96C1-305C9CDCFCE1}.Debug|Any CPU.ActiveCfg = Debug|Any CPU
		{1FB5EA34-B48A-4AE9-96C1-305C9CDCFCE1}.Debug|Any CPU.Build.0 = Debug|Any CPU
		{1FB5EA34-B48A-4AE9-96C1-305C9CDCFCE1}.Debug|Any CPU.Deploy.0 = Debug|Any CPU
		{1FB5EA34-B48A-4AE9-96C1-305C9CDCFCE1}.Debug|ARM.ActiveCfg = Debug|Any CPU
		{1FB5EA34-B48A-4AE9-96C1-305C9CDCFCE1}.Debug|ARM.Build.0 = Debug|Any CPU
		{1FB5EA34-B48A-4AE9-96C1-305C9CDCFCE1}.Debug|ARM.Deploy.0 = Debug|Any CPU
		{1FB5EA34-B48A-4AE9-96C1-305C9CDCFCE1}.Debug|iPhone.ActiveCfg = Debug|Any CPU
		{1FB5EA34-B48A-4AE9-96C1-305C9CDCFCE1}.Debug|iPhone.Build.0 = Debug|Any CPU
		{1FB5EA34-B48A-4AE9-96C1-305C9CDCFCE1}.Debug|iPhone.Deploy.0 = Debug|Any CPU
		{1FB5EA34-B48A-4AE9-96C1-305C9CDCFCE1}.Debug|iPhoneSimulator.ActiveCfg = Debug|Any CPU
		{1FB5EA34-B48A-4AE9-96C1-305C9CDCFCE1}.Debug|iPhoneSimulator.Build.0 = Debug|Any CPU
		{1FB5EA34-B48A-4AE9-96C1-305C9CDCFCE1}.Debug|iPhoneSimulator.Deploy.0 = Debug|Any CPU
		{1FB5EA34-B48A-4AE9-96C1-305C9CDCFCE1}.Debug|x64.ActiveCfg = Debug|Any CPU
		{1FB5EA34-B48A-4AE9-96C1-305C9CDCFCE1}.Debug|x64.Build.0 = Debug|Any CPU
		{1FB5EA34-B48A-4AE9-96C1-305C9CDCFCE1}.Debug|x64.Deploy.0 = Debug|Any CPU
		{1FB5EA34-B48A-4AE9-96C1-305C9CDCFCE1}.Debug|x86.ActiveCfg = Debug|Any CPU
		{1FB5EA34-B48A-4AE9-96C1-305C9CDCFCE1}.Debug|x86.Build.0 = Debug|Any CPU
		{1FB5EA34-B48A-4AE9-96C1-305C9CDCFCE1}.Debug|x86.Deploy.0 = Debug|Any CPU
		{1FB5EA34-B48A-4AE9-96C1-305C9CDCFCE1}.Release|Any CPU.ActiveCfg = Release|Any CPU
		{1FB5EA34-B48A-4AE9-96C1-305C9CDCFCE1}.Release|Any CPU.Build.0 = Release|Any CPU
		{1FB5EA34-B48A-4AE9-96C1-305C9CDCFCE1}.Release|Any CPU.Deploy.0 = Release|Any CPU
		{1FB5EA34-B48A-4AE9-96C1-305C9CDCFCE1}.Release|ARM.ActiveCfg = Release|Any CPU
		{1FB5EA34-B48A-4AE9-96C1-305C9CDCFCE1}.Release|ARM.Build.0 = Release|Any CPU
		{1FB5EA34-B48A-4AE9-96C1-305C9CDCFCE1}.Release|ARM.Deploy.0 = Release|Any CPU
		{1FB5EA34-B48A-4AE9-96C1-305C9CDCFCE1}.Release|iPhone.ActiveCfg = Release|Any CPU
		{1FB5EA34-B48A-4AE9-96C1-305C9CDCFCE1}.Release|iPhone.Build.0 = Release|Any CPU
		{1FB5EA34-B48A-4AE9-96C1-305C9CDCFCE1}.Release|iPhone.Deploy.0 = Release|Any CPU
		{1FB5EA34-B48A-4AE9-96C1-305C9CDCFCE1}.Release|iPhoneSimulator.ActiveCfg = Release|Any CPU
		{1FB5EA34-B48A-4AE9-96C1-305C9CDCFCE1}.Release|iPhoneSimulator.Build.0 = Release|Any CPU
		{1FB5EA34-B48A-4AE9-96C1-305C9CDCFCE1}.Release|iPhoneSimulator.Deploy.0 = Release|Any CPU
		{1FB5EA34-B48A-4AE9-96C1-305C9CDCFCE1}.Release|x64.ActiveCfg = Release|Any CPU
		{1FB5EA34-B48A-4AE9-96C1-305C9CDCFCE1}.Release|x64.Build.0 = Release|Any CPU
		{1FB5EA34-B48A-4AE9-96C1-305C9CDCFCE1}.Release|x64.Deploy.0 = Release|Any CPU
		{1FB5EA34-B48A-4AE9-96C1-305C9CDCFCE1}.Release|x86.ActiveCfg = Release|Any CPU
		{1FB5EA34-B48A-4AE9-96C1-305C9CDCFCE1}.Release|x86.Build.0 = Release|Any CPU
		{1FB5EA34-B48A-4AE9-96C1-305C9CDCFCE1}.Release|x86.Deploy.0 = Release|Any CPU
	EndGlobalSection
	GlobalSection(SolutionProperties) = preSolution
		HideSolutionNode = FALSE
	EndGlobalSection
	GlobalSection(ExtensibilityGlobals) = postSolution
		SolutionGuid = {E75D6E51-D413-4861-81F8-942EFE8014CE}
	EndGlobalSection
EndGlobal
